// !$*UTF8*$!
{
	archiveVersion = 1;
	classes = {
	};
	objectVersion = 56;
	objects = {

/* Begin PBXBuildFile section */
		1694934F2B11BFB1005F096F /* EssentialFeed.framework in Frameworks */ = {isa = PBXBuildFile; fileRef = 1694934D2B11BFB1005F096F /* EssentialFeed.framework */; };
		169493502B11BFB1005F096F /* EssentialFeed.framework in Embed Frameworks */ = {isa = PBXBuildFile; fileRef = 1694934D2B11BFB1005F096F /* EssentialFeed.framework */; settings = {ATTRIBUTES = (CodeSignOnCopy, RemoveHeadersOnCopy, ); }; };
		169493512B11BFB1005F096F /* EssentialFeediOS.framework in Frameworks */ = {isa = PBXBuildFile; fileRef = 1694934E2B11BFB1005F096F /* EssentialFeediOS.framework */; };
		169493522B11BFB1005F096F /* EssentialFeediOS.framework in Embed Frameworks */ = {isa = PBXBuildFile; fileRef = 1694934E2B11BFB1005F096F /* EssentialFeediOS.framework */; settings = {ATTRIBUTES = (CodeSignOnCopy, RemoveHeadersOnCopy, ); }; };
		169493622B11C129005F096F /* FeedLoaderWithFallbackCompositeTests.swift in Sources */ = {isa = PBXBuildFile; fileRef = 169493612B11C129005F096F /* FeedLoaderWithFallbackCompositeTests.swift */; };
		169493642B11C873005F096F /* FeedLoaderWithFallbackComposite.swift in Sources */ = {isa = PBXBuildFile; fileRef = 169493632B11C873005F096F /* FeedLoaderWithFallbackComposite.swift */; };
		169493662B11C8DB005F096F /* FeedImageDataLoaderWithFallbackCompositeTests.swift in Sources */ = {isa = PBXBuildFile; fileRef = 169493652B11C8DB005F096F /* FeedImageDataLoaderWithFallbackCompositeTests.swift */; };
		169493682B11CCB9005F096F /* FeedImageDataLoaderWithFallbackComposite.swift in Sources */ = {isa = PBXBuildFile; fileRef = 169493672B11CCB9005F096F /* FeedImageDataLoaderWithFallbackComposite.swift */; };
		1694936B2B11CD08005F096F /* XCTestCase+MemoryLeakTracking.swift in Sources */ = {isa = PBXBuildFile; fileRef = 1694936A2B11CD08005F096F /* XCTestCase+MemoryLeakTracking.swift */; };
		1694936D2B11CD45005F096F /* SharedTestHelpers.swift in Sources */ = {isa = PBXBuildFile; fileRef = 1694936C2B11CD45005F096F /* SharedTestHelpers.swift */; };
		1694936F2B11D239005F096F /* FeedLoaderCacheDecoratorTests.swift in Sources */ = {isa = PBXBuildFile; fileRef = 1694936E2B11D239005F096F /* FeedLoaderCacheDecoratorTests.swift */; };
		169493712B11D340005F096F /* FeedLoaderStub.swift in Sources */ = {isa = PBXBuildFile; fileRef = 169493702B11D340005F096F /* FeedLoaderStub.swift */; };
		169493732B11D3A1005F096F /* XCTestCase+FeedLoader.swift in Sources */ = {isa = PBXBuildFile; fileRef = 169493722B11D3A1005F096F /* XCTestCase+FeedLoader.swift */; };
		16DAC6CE2B11BAC7006B0E4C /* AppDelegate.swift in Sources */ = {isa = PBXBuildFile; fileRef = 16DAC6CD2B11BAC7006B0E4C /* AppDelegate.swift */; };
		16DAC6D02B11BAC7006B0E4C /* SceneDelegate.swift in Sources */ = {isa = PBXBuildFile; fileRef = 16DAC6CF2B11BAC7006B0E4C /* SceneDelegate.swift */; };
		16DAC6D22B11BAC7006B0E4C /* ViewController.swift in Sources */ = {isa = PBXBuildFile; fileRef = 16DAC6D12B11BAC7006B0E4C /* ViewController.swift */; };
		16DAC6D52B11BAC7006B0E4C /* Main.storyboard in Resources */ = {isa = PBXBuildFile; fileRef = 16DAC6D32B11BAC7006B0E4C /* Main.storyboard */; };
		16DAC6D72B11BAC8006B0E4C /* Assets.xcassets in Resources */ = {isa = PBXBuildFile; fileRef = 16DAC6D62B11BAC8006B0E4C /* Assets.xcassets */; };
		16DAC6DA2B11BAC8006B0E4C /* LaunchScreen.storyboard in Resources */ = {isa = PBXBuildFile; fileRef = 16DAC6D82B11BAC8006B0E4C /* LaunchScreen.storyboard */; };
/* End PBXBuildFile section */

/* Begin PBXContainerItemProxy section */
		1694935C2B11C113005F096F /* PBXContainerItemProxy */ = {
			isa = PBXContainerItemProxy;
			containerPortal = 16DAC6C22B11BAC7006B0E4C /* Project object */;
			proxyType = 1;
			remoteGlobalIDString = 16DAC6C92B11BAC7006B0E4C;
			remoteInfo = EssentialApp;
		};
/* End PBXContainerItemProxy section */

/* Begin PBXCopyFilesBuildPhase section */
		169493532B11BFB1005F096F /* Embed Frameworks */ = {
			isa = PBXCopyFilesBuildPhase;
			buildActionMask = 2147483647;
			dstPath = "";
			dstSubfolderSpec = 10;
			files = (
				169493502B11BFB1005F096F /* EssentialFeed.framework in Embed Frameworks */,
				169493522B11BFB1005F096F /* EssentialFeediOS.framework in Embed Frameworks */,
			);
			name = "Embed Frameworks";
			runOnlyForDeploymentPostprocessing = 0;
		};
/* End PBXCopyFilesBuildPhase section */

/* Begin PBXFileReference section */
		1694934D2B11BFB1005F096F /* EssentialFeed.framework */ = {isa = PBXFileReference; explicitFileType = wrapper.framework; path = EssentialFeed.framework; sourceTree = BUILT_PRODUCTS_DIR; };
		1694934E2B11BFB1005F096F /* EssentialFeediOS.framework */ = {isa = PBXFileReference; explicitFileType = wrapper.framework; path = EssentialFeediOS.framework; sourceTree = BUILT_PRODUCTS_DIR; };
		169493582B11C113005F096F /* EssentialAppTests.xctest */ = {isa = PBXFileReference; explicitFileType = wrapper.cfbundle; includeInIndex = 0; path = EssentialAppTests.xctest; sourceTree = BUILT_PRODUCTS_DIR; };
		169493612B11C129005F096F /* FeedLoaderWithFallbackCompositeTests.swift */ = {isa = PBXFileReference; lastKnownFileType = sourcecode.swift; path = FeedLoaderWithFallbackCompositeTests.swift; sourceTree = "<group>"; };
		169493632B11C873005F096F /* FeedLoaderWithFallbackComposite.swift */ = {isa = PBXFileReference; lastKnownFileType = sourcecode.swift; path = FeedLoaderWithFallbackComposite.swift; sourceTree = "<group>"; };
		169493652B11C8DB005F096F /* FeedImageDataLoaderWithFallbackCompositeTests.swift */ = {isa = PBXFileReference; lastKnownFileType = sourcecode.swift; path = FeedImageDataLoaderWithFallbackCompositeTests.swift; sourceTree = "<group>"; };
		169493672B11CCB9005F096F /* FeedImageDataLoaderWithFallbackComposite.swift */ = {isa = PBXFileReference; lastKnownFileType = sourcecode.swift; path = FeedImageDataLoaderWithFallbackComposite.swift; sourceTree = "<group>"; };
		1694936A2B11CD08005F096F /* XCTestCase+MemoryLeakTracking.swift */ = {isa = PBXFileReference; lastKnownFileType = sourcecode.swift; path = "XCTestCase+MemoryLeakTracking.swift"; sourceTree = "<group>"; };
		1694936C2B11CD45005F096F /* SharedTestHelpers.swift */ = {isa = PBXFileReference; lastKnownFileType = sourcecode.swift; path = SharedTestHelpers.swift; sourceTree = "<group>"; };
		1694936E2B11D239005F096F /* FeedLoaderCacheDecoratorTests.swift */ = {isa = PBXFileReference; lastKnownFileType = sourcecode.swift; path = FeedLoaderCacheDecoratorTests.swift; sourceTree = "<group>"; };
		169493702B11D340005F096F /* FeedLoaderStub.swift */ = {isa = PBXFileReference; lastKnownFileType = sourcecode.swift; path = FeedLoaderStub.swift; sourceTree = "<group>"; };
		169493722B11D3A1005F096F /* XCTestCase+FeedLoader.swift */ = {isa = PBXFileReference; lastKnownFileType = sourcecode.swift; path = "XCTestCase+FeedLoader.swift"; sourceTree = "<group>"; };
		16DAC6CA2B11BAC7006B0E4C /* EssentialApp.app */ = {isa = PBXFileReference; explicitFileType = wrapper.application; includeInIndex = 0; path = EssentialApp.app; sourceTree = BUILT_PRODUCTS_DIR; };
		16DAC6CD2B11BAC7006B0E4C /* AppDelegate.swift */ = {isa = PBXFileReference; lastKnownFileType = sourcecode.swift; path = AppDelegate.swift; sourceTree = "<group>"; };
		16DAC6CF2B11BAC7006B0E4C /* SceneDelegate.swift */ = {isa = PBXFileReference; lastKnownFileType = sourcecode.swift; path = SceneDelegate.swift; sourceTree = "<group>"; };
		16DAC6D12B11BAC7006B0E4C /* ViewController.swift */ = {isa = PBXFileReference; lastKnownFileType = sourcecode.swift; path = ViewController.swift; sourceTree = "<group>"; };
		16DAC6D42B11BAC7006B0E4C /* Base */ = {isa = PBXFileReference; lastKnownFileType = file.storyboard; name = Base; path = Base.lproj/Main.storyboard; sourceTree = "<group>"; };
		16DAC6D62B11BAC8006B0E4C /* Assets.xcassets */ = {isa = PBXFileReference; lastKnownFileType = folder.assetcatalog; path = Assets.xcassets; sourceTree = "<group>"; };
		16DAC6D92B11BAC8006B0E4C /* Base */ = {isa = PBXFileReference; lastKnownFileType = file.storyboard; name = Base; path = Base.lproj/LaunchScreen.storyboard; sourceTree = "<group>"; };
		16DAC6DB2B11BAC8006B0E4C /* Info.plist */ = {isa = PBXFileReference; lastKnownFileType = text.plist.xml; path = Info.plist; sourceTree = "<group>"; };
/* End PBXFileReference section */

/* Begin PBXFrameworksBuildPhase section */
		169493552B11C113005F096F /* Frameworks */ = {
			isa = PBXFrameworksBuildPhase;
			buildActionMask = 2147483647;
			files = (
			);
			runOnlyForDeploymentPostprocessing = 0;
		};
		16DAC6C72B11BAC7006B0E4C /* Frameworks */ = {
			isa = PBXFrameworksBuildPhase;
			buildActionMask = 2147483647;
			files = (
				1694934F2B11BFB1005F096F /* EssentialFeed.framework in Frameworks */,
				169493512B11BFB1005F096F /* EssentialFeediOS.framework in Frameworks */,
			);
			runOnlyForDeploymentPostprocessing = 0;
		};
/* End PBXFrameworksBuildPhase section */

/* Begin PBXGroup section */
		1694934C2B11BFB1005F096F /* Frameworks */ = {
			isa = PBXGroup;
			children = (
				1694934D2B11BFB1005F096F /* EssentialFeed.framework */,
				1694934E2B11BFB1005F096F /* EssentialFeediOS.framework */,
			);
			name = Frameworks;
			sourceTree = "<group>";
		};
		169493592B11C113005F096F /* EssentialAppTests */ = {
			isa = PBXGroup;
			children = (
				169493692B11CD00005F096F /* Helpers */,
				169493612B11C129005F096F /* FeedLoaderWithFallbackCompositeTests.swift */,
				169493652B11C8DB005F096F /* FeedImageDataLoaderWithFallbackCompositeTests.swift */,
				1694936E2B11D239005F096F /* FeedLoaderCacheDecoratorTests.swift */,
			);
			path = EssentialAppTests;
			sourceTree = "<group>";
		};
		169493692B11CD00005F096F /* Helpers */ = {
			isa = PBXGroup;
			children = (
				1694936A2B11CD08005F096F /* XCTestCase+MemoryLeakTracking.swift */,
				1694936C2B11CD45005F096F /* SharedTestHelpers.swift */,
				169493702B11D340005F096F /* FeedLoaderStub.swift */,
				169493722B11D3A1005F096F /* XCTestCase+FeedLoader.swift */,
			);
			path = Helpers;
			sourceTree = "<group>";
		};
		16DAC6C12B11BAC7006B0E4C = {
			isa = PBXGroup;
			children = (
				16DAC6CC2B11BAC7006B0E4C /* EssentialApp */,
				169493592B11C113005F096F /* EssentialAppTests */,
				16DAC6CB2B11BAC7006B0E4C /* Products */,
				1694934C2B11BFB1005F096F /* Frameworks */,
			);
			sourceTree = "<group>";
		};
		16DAC6CB2B11BAC7006B0E4C /* Products */ = {
			isa = PBXGroup;
			children = (
				16DAC6CA2B11BAC7006B0E4C /* EssentialApp.app */,
				169493582B11C113005F096F /* EssentialAppTests.xctest */,
			);
			name = Products;
			sourceTree = "<group>";
		};
		16DAC6CC2B11BAC7006B0E4C /* EssentialApp */ = {
			isa = PBXGroup;
			children = (
				16DAC6CD2B11BAC7006B0E4C /* AppDelegate.swift */,
				16DAC6CF2B11BAC7006B0E4C /* SceneDelegate.swift */,
				169493632B11C873005F096F /* FeedLoaderWithFallbackComposite.swift */,
				169493672B11CCB9005F096F /* FeedImageDataLoaderWithFallbackComposite.swift */,
				16DAC6D12B11BAC7006B0E4C /* ViewController.swift */,
				16DAC6D32B11BAC7006B0E4C /* Main.storyboard */,
				16DAC6D62B11BAC8006B0E4C /* Assets.xcassets */,
				16DAC6D82B11BAC8006B0E4C /* LaunchScreen.storyboard */,
				16DAC6DB2B11BAC8006B0E4C /* Info.plist */,
			);
			path = EssentialApp;
			sourceTree = "<group>";
		};
/* End PBXGroup section */

/* Begin PBXNativeTarget section */
		169493572B11C113005F096F /* EssentialAppTests */ = {
			isa = PBXNativeTarget;
			buildConfigurationList = 1694935E2B11C113005F096F /* Build configuration list for PBXNativeTarget "EssentialAppTests" */;
			buildPhases = (
				169493542B11C113005F096F /* Sources */,
				169493552B11C113005F096F /* Frameworks */,
				169493562B11C113005F096F /* Resources */,
			);
			buildRules = (
			);
			dependencies = (
				1694935D2B11C113005F096F /* PBXTargetDependency */,
			);
			name = EssentialAppTests;
			productName = EssentialAppTests;
			productReference = 169493582B11C113005F096F /* EssentialAppTests.xctest */;
			productType = "com.apple.product-type.bundle.unit-test";
		};
		16DAC6C92B11BAC7006B0E4C /* EssentialApp */ = {
			isa = PBXNativeTarget;
			buildConfigurationList = 16DAC6DE2B11BAC8006B0E4C /* Build configuration list for PBXNativeTarget "EssentialApp" */;
			buildPhases = (
				16DAC6C62B11BAC7006B0E4C /* Sources */,
				16DAC6C72B11BAC7006B0E4C /* Frameworks */,
				16DAC6C82B11BAC7006B0E4C /* Resources */,
				169493532B11BFB1005F096F /* Embed Frameworks */,
			);
			buildRules = (
			);
			dependencies = (
			);
			name = EssentialApp;
			productName = EssentialApp;
			productReference = 16DAC6CA2B11BAC7006B0E4C /* EssentialApp.app */;
			productType = "com.apple.product-type.application";
		};
/* End PBXNativeTarget section */

/* Begin PBXProject section */
		16DAC6C22B11BAC7006B0E4C /* Project object */ = {
			isa = PBXProject;
			attributes = {
				BuildIndependentTargetsInParallel = 1;
				LastSwiftUpdateCheck = 1500;
				LastUpgradeCheck = 1500;
				TargetAttributes = {
					169493572B11C113005F096F = {
						CreatedOnToolsVersion = 15.0;
						TestTargetID = 16DAC6C92B11BAC7006B0E4C;
					};
					16DAC6C92B11BAC7006B0E4C = {
						CreatedOnToolsVersion = 15.0;
					};
				};
			};
			buildConfigurationList = 16DAC6C52B11BAC7006B0E4C /* Build configuration list for PBXProject "EssentialApp" */;
			compatibilityVersion = "Xcode 14.0";
			developmentRegion = en;
			hasScannedForEncodings = 0;
			knownRegions = (
				en,
				Base,
			);
			mainGroup = 16DAC6C12B11BAC7006B0E4C;
			productRefGroup = 16DAC6CB2B11BAC7006B0E4C /* Products */;
			projectDirPath = "";
			projectRoot = "";
			targets = (
				16DAC6C92B11BAC7006B0E4C /* EssentialApp */,
				169493572B11C113005F096F /* EssentialAppTests */,
			);
		};
/* End PBXProject section */

/* Begin PBXResourcesBuildPhase section */
		169493562B11C113005F096F /* Resources */ = {
			isa = PBXResourcesBuildPhase;
			buildActionMask = 2147483647;
			files = (
			);
			runOnlyForDeploymentPostprocessing = 0;
		};
		16DAC6C82B11BAC7006B0E4C /* Resources */ = {
			isa = PBXResourcesBuildPhase;
			buildActionMask = 2147483647;
			files = (
				16DAC6DA2B11BAC8006B0E4C /* LaunchScreen.storyboard in Resources */,
				16DAC6D72B11BAC8006B0E4C /* Assets.xcassets in Resources */,
				16DAC6D52B11BAC7006B0E4C /* Main.storyboard in Resources */,
			);
			runOnlyForDeploymentPostprocessing = 0;
		};
/* End PBXResourcesBuildPhase section */

/* Begin PBXSourcesBuildPhase section */
		169493542B11C113005F096F /* Sources */ = {
			isa = PBXSourcesBuildPhase;
			buildActionMask = 2147483647;
			files = (
				1694936D2B11CD45005F096F /* SharedTestHelpers.swift in Sources */,
				169493732B11D3A1005F096F /* XCTestCase+FeedLoader.swift in Sources */,
				1694936F2B11D239005F096F /* FeedLoaderCacheDecoratorTests.swift in Sources */,
				169493662B11C8DB005F096F /* FeedImageDataLoaderWithFallbackCompositeTests.swift in Sources */,
				169493622B11C129005F096F /* FeedLoaderWithFallbackCompositeTests.swift in Sources */,
				169493712B11D340005F096F /* FeedLoaderStub.swift in Sources */,
				1694936B2B11CD08005F096F /* XCTestCase+MemoryLeakTracking.swift in Sources */,
			);
			runOnlyForDeploymentPostprocessing = 0;
		};
		16DAC6C62B11BAC7006B0E4C /* Sources */ = {
			isa = PBXSourcesBuildPhase;
			buildActionMask = 2147483647;
			files = (
				16DAC6D22B11BAC7006B0E4C /* ViewController.swift in Sources */,
				16DAC6CE2B11BAC7006B0E4C /* AppDelegate.swift in Sources */,
				169493642B11C873005F096F /* FeedLoaderWithFallbackComposite.swift in Sources */,
				16DAC6D02B11BAC7006B0E4C /* SceneDelegate.swift in Sources */,
				169493682B11CCB9005F096F /* FeedImageDataLoaderWithFallbackComposite.swift in Sources */,
			);
			runOnlyForDeploymentPostprocessing = 0;
		};
/* End PBXSourcesBuildPhase section */

/* Begin PBXTargetDependency section */
		1694935D2B11C113005F096F /* PBXTargetDependency */ = {
			isa = PBXTargetDependency;
			target = 16DAC6C92B11BAC7006B0E4C /* EssentialApp */;
			targetProxy = 1694935C2B11C113005F096F /* PBXContainerItemProxy */;
		};
/* End PBXTargetDependency section */

/* Begin PBXVariantGroup section */
		16DAC6D32B11BAC7006B0E4C /* Main.storyboard */ = {
			isa = PBXVariantGroup;
			children = (
				16DAC6D42B11BAC7006B0E4C /* Base */,
			);
			name = Main.storyboard;
			sourceTree = "<group>";
		};
		16DAC6D82B11BAC8006B0E4C /* LaunchScreen.storyboard */ = {
			isa = PBXVariantGroup;
			children = (
				16DAC6D92B11BAC8006B0E4C /* Base */,
			);
			name = LaunchScreen.storyboard;
			sourceTree = "<group>";
		};
/* End PBXVariantGroup section */

/* Begin XCBuildConfiguration section */
		1694935F2B11C113005F096F /* Debug */ = {
			isa = XCBuildConfiguration;
			buildSettings = {
				BUNDLE_LOADER = "$(TEST_HOST)";
				CODE_SIGN_STYLE = Automatic;
				CURRENT_PROJECT_VERSION = 1;
				GENERATE_INFOPLIST_FILE = YES;
				MARKETING_VERSION = 1.0;
				PRODUCT_BUNDLE_IDENTIFIER = dev.joanda.EssentialAppTests;
				PRODUCT_NAME = "$(TARGET_NAME)";
				SWIFT_EMIT_LOC_STRINGS = NO;
				SWIFT_VERSION = 5.0;
				TARGETED_DEVICE_FAMILY = "1,2";
				TEST_HOST = "$(BUILT_PRODUCTS_DIR)/EssentialApp.app/$(BUNDLE_EXECUTABLE_FOLDER_PATH)/EssentialApp";
			};
			name = Debug;
		};
		169493602B11C113005F096F /* Release */ = {
			isa = XCBuildConfiguration;
			buildSettings = {
				BUNDLE_LOADER = "$(TEST_HOST)";
				CODE_SIGN_STYLE = Automatic;
				CURRENT_PROJECT_VERSION = 1;
				GENERATE_INFOPLIST_FILE = YES;
				MARKETING_VERSION = 1.0;
				PRODUCT_BUNDLE_IDENTIFIER = dev.joanda.EssentialAppTests;
				PRODUCT_NAME = "$(TARGET_NAME)";
				SWIFT_EMIT_LOC_STRINGS = NO;
				SWIFT_VERSION = 5.0;
				TARGETED_DEVICE_FAMILY = "1,2";
				TEST_HOST = "$(BUILT_PRODUCTS_DIR)/EssentialApp.app/$(BUNDLE_EXECUTABLE_FOLDER_PATH)/EssentialApp";
			};
			name = Release;
		};
		16DAC6DC2B11BAC8006B0E4C /* Debug */ = {
			isa = XCBuildConfiguration;
			buildSettings = {
				ALWAYS_SEARCH_USER_PATHS = NO;
				ASSETCATALOG_COMPILER_GENERATE_SWIFT_ASSET_SYMBOL_EXTENSIONS = YES;
				CLANG_ANALYZER_NONNULL = YES;
				CLANG_ANALYZER_NUMBER_OBJECT_CONVERSION = YES_AGGRESSIVE;
				CLANG_CXX_LANGUAGE_STANDARD = "gnu++20";
				CLANG_ENABLE_MODULES = YES;
				CLANG_ENABLE_OBJC_ARC = YES;
				CLANG_ENABLE_OBJC_WEAK = YES;
				CLANG_WARN_BLOCK_CAPTURE_AUTORELEASING = YES;
				CLANG_WARN_BOOL_CONVERSION = YES;
				CLANG_WARN_COMMA = YES;
				CLANG_WARN_CONSTANT_CONVERSION = YES;
				CLANG_WARN_DEPRECATED_OBJC_IMPLEMENTATIONS = YES;
				CLANG_WARN_DIRECT_OBJC_ISA_USAGE = YES_ERROR;
				CLANG_WARN_DOCUMENTATION_COMMENTS = YES;
				CLANG_WARN_EMPTY_BODY = YES;
				CLANG_WARN_ENUM_CONVERSION = YES;
				CLANG_WARN_INFINITE_RECURSION = YES;
				CLANG_WARN_INT_CONVERSION = YES;
				CLANG_WARN_NON_LITERAL_NULL_CONVERSION = YES;
				CLANG_WARN_OBJC_IMPLICIT_RETAIN_SELF = YES;
				CLANG_WARN_OBJC_LITERAL_CONVERSION = YES;
				CLANG_WARN_OBJC_ROOT_CLASS = YES_ERROR;
				CLANG_WARN_QUOTED_INCLUDE_IN_FRAMEWORK_HEADER = YES;
				CLANG_WARN_RANGE_LOOP_ANALYSIS = YES;
				CLANG_WARN_STRICT_PROTOTYPES = YES;
				CLANG_WARN_SUSPICIOUS_MOVE = YES;
				CLANG_WARN_UNGUARDED_AVAILABILITY = YES_AGGRESSIVE;
				CLANG_WARN_UNREACHABLE_CODE = YES;
				CLANG_WARN__DUPLICATE_METHOD_MATCH = YES;
				COPY_PHASE_STRIP = NO;
				DEBUG_INFORMATION_FORMAT = dwarf;
				ENABLE_STRICT_OBJC_MSGSEND = YES;
				ENABLE_TESTABILITY = YES;
				ENABLE_USER_SCRIPT_SANDBOXING = YES;
				GCC_C_LANGUAGE_STANDARD = gnu17;
				GCC_DYNAMIC_NO_PIC = NO;
				GCC_NO_COMMON_BLOCKS = YES;
				GCC_OPTIMIZATION_LEVEL = 0;
				GCC_PREPROCESSOR_DEFINITIONS = (
					"DEBUG=1",
					"$(inherited)",
				);
				GCC_WARN_64_TO_32_BIT_CONVERSION = YES;
				GCC_WARN_ABOUT_RETURN_TYPE = YES_ERROR;
				GCC_WARN_UNDECLARED_SELECTOR = YES;
				GCC_WARN_UNINITIALIZED_AUTOS = YES_AGGRESSIVE;
				GCC_WARN_UNUSED_FUNCTION = YES;
				GCC_WARN_UNUSED_VARIABLE = YES;
				IPHONEOS_DEPLOYMENT_TARGET = 17.0;
				LOCALIZATION_PREFERS_STRING_CATALOGS = YES;
				MTL_ENABLE_DEBUG_INFO = INCLUDE_SOURCE;
				MTL_FAST_MATH = YES;
				ONLY_ACTIVE_ARCH = YES;
				SDKROOT = iphoneos;
				SWIFT_ACTIVE_COMPILATION_CONDITIONS = "DEBUG $(inherited)";
				SWIFT_OPTIMIZATION_LEVEL = "-Onone";
			};
			name = Debug;
		};
		16DAC6DD2B11BAC8006B0E4C /* Release */ = {
			isa = XCBuildConfiguration;
			buildSettings = {
				ALWAYS_SEARCH_USER_PATHS = NO;
				ASSETCATALOG_COMPILER_GENERATE_SWIFT_ASSET_SYMBOL_EXTENSIONS = YES;
				CLANG_ANALYZER_NONNULL = YES;
				CLANG_ANALYZER_NUMBER_OBJECT_CONVERSION = YES_AGGRESSIVE;
				CLANG_CXX_LANGUAGE_STANDARD = "gnu++20";
				CLANG_ENABLE_MODULES = YES;
				CLANG_ENABLE_OBJC_ARC = YES;
				CLANG_ENABLE_OBJC_WEAK = YES;
				CLANG_WARN_BLOCK_CAPTURE_AUTORELEASING = YES;
				CLANG_WARN_BOOL_CONVERSION = YES;
				CLANG_WARN_COMMA = YES;
				CLANG_WARN_CONSTANT_CONVERSION = YES;
				CLANG_WARN_DEPRECATED_OBJC_IMPLEMENTATIONS = YES;
				CLANG_WARN_DIRECT_OBJC_ISA_USAGE = YES_ERROR;
				CLANG_WARN_DOCUMENTATION_COMMENTS = YES;
				CLANG_WARN_EMPTY_BODY = YES;
				CLANG_WARN_ENUM_CONVERSION = YES;
				CLANG_WARN_INFINITE_RECURSION = YES;
				CLANG_WARN_INT_CONVERSION = YES;
				CLANG_WARN_NON_LITERAL_NULL_CONVERSION = YES;
				CLANG_WARN_OBJC_IMPLICIT_RETAIN_SELF = YES;
				CLANG_WARN_OBJC_LITERAL_CONVERSION = YES;
				CLANG_WARN_OBJC_ROOT_CLASS = YES_ERROR;
				CLANG_WARN_QUOTED_INCLUDE_IN_FRAMEWORK_HEADER = YES;
				CLANG_WARN_RANGE_LOOP_ANALYSIS = YES;
				CLANG_WARN_STRICT_PROTOTYPES = YES;
				CLANG_WARN_SUSPICIOUS_MOVE = YES;
				CLANG_WARN_UNGUARDED_AVAILABILITY = YES_AGGRESSIVE;
				CLANG_WARN_UNREACHABLE_CODE = YES;
				CLANG_WARN__DUPLICATE_METHOD_MATCH = YES;
				COPY_PHASE_STRIP = NO;
				DEBUG_INFORMATION_FORMAT = "dwarf-with-dsym";
				ENABLE_NS_ASSERTIONS = NO;
				ENABLE_STRICT_OBJC_MSGSEND = YES;
				ENABLE_USER_SCRIPT_SANDBOXING = YES;
				GCC_C_LANGUAGE_STANDARD = gnu17;
				GCC_NO_COMMON_BLOCKS = YES;
				GCC_WARN_64_TO_32_BIT_CONVERSION = YES;
				GCC_WARN_ABOUT_RETURN_TYPE = YES_ERROR;
				GCC_WARN_UNDECLARED_SELECTOR = YES;
				GCC_WARN_UNINITIALIZED_AUTOS = YES_AGGRESSIVE;
				GCC_WARN_UNUSED_FUNCTION = YES;
				GCC_WARN_UNUSED_VARIABLE = YES;
				IPHONEOS_DEPLOYMENT_TARGET = 17.0;
				LOCALIZATION_PREFERS_STRING_CATALOGS = YES;
				MTL_ENABLE_DEBUG_INFO = NO;
				MTL_FAST_MATH = YES;
				SDKROOT = iphoneos;
				SWIFT_COMPILATION_MODE = wholemodule;
				VALIDATE_PRODUCT = YES;
			};
			name = Release;
		};
		16DAC6DF2B11BAC8006B0E4C /* Debug */ = {
			isa = XCBuildConfiguration;
			buildSettings = {
				ASSETCATALOG_COMPILER_APPICON_NAME = AppIcon;
				ASSETCATALOG_COMPILER_GLOBAL_ACCENT_COLOR_NAME = AccentColor;
				CODE_SIGN_STYLE = Automatic;
				CURRENT_PROJECT_VERSION = 1;
				GENERATE_INFOPLIST_FILE = YES;
				INFOPLIST_FILE = EssentialApp/Info.plist;
				INFOPLIST_KEY_UIApplicationSupportsIndirectInputEvents = YES;
				INFOPLIST_KEY_UILaunchStoryboardName = LaunchScreen;
				INFOPLIST_KEY_UIMainStoryboardFile = Main;
				INFOPLIST_KEY_UISupportedInterfaceOrientations_iPad = "UIInterfaceOrientationPortrait UIInterfaceOrientationPortraitUpsideDown UIInterfaceOrientationLandscapeLeft UIInterfaceOrientationLandscapeRight";
				INFOPLIST_KEY_UISupportedInterfaceOrientations_iPhone = "UIInterfaceOrientationPortrait UIInterfaceOrientationLandscapeLeft UIInterfaceOrientationLandscapeRight";
				LD_RUNPATH_SEARCH_PATHS = (
					"$(inherited)",
					"@executable_path/Frameworks",
				);
				MARKETING_VERSION = 1.0;
				PRODUCT_BUNDLE_IDENTIFIER = dev.joanda.EssentialApp;
				PRODUCT_NAME = "$(TARGET_NAME)";
				SWIFT_EMIT_LOC_STRINGS = YES;
				SWIFT_VERSION = 5.0;
				TARGETED_DEVICE_FAMILY = "1,2";
			};
			name = Debug;
		};
		16DAC6E02B11BAC8006B0E4C /* Release */ = {
			isa = XCBuildConfiguration;
			buildSettings = {
				ASSETCATALOG_COMPILER_APPICON_NAME = AppIcon;
				ASSETCATALOG_COMPILER_GLOBAL_ACCENT_COLOR_NAME = AccentColor;
				CODE_SIGN_STYLE = Automatic;
				CURRENT_PROJECT_VERSION = 1;
				GENERATE_INFOPLIST_FILE = YES;
				INFOPLIST_FILE = EssentialApp/Info.plist;
				INFOPLIST_KEY_UIApplicationSupportsIndirectInputEvents = YES;
				INFOPLIST_KEY_UILaunchStoryboardName = LaunchScreen;
				INFOPLIST_KEY_UIMainStoryboardFile = Main;
				INFOPLIST_KEY_UISupportedInterfaceOrientations_iPad = "UIInterfaceOrientationPortrait UIInterfaceOrientationPortraitUpsideDown UIInterfaceOrientationLandscapeLeft UIInterfaceOrientationLandscapeRight";
				INFOPLIST_KEY_UISupportedInterfaceOrientations_iPhone = "UIInterfaceOrientationPortrait UIInterfaceOrientationLandscapeLeft UIInterfaceOrientationLandscapeRight";
				LD_RUNPATH_SEARCH_PATHS = (
					"$(inherited)",
					"@executable_path/Frameworks",
				);
				MARKETING_VERSION = 1.0;
				PRODUCT_BUNDLE_IDENTIFIER = dev.joanda.EssentialApp;
				PRODUCT_NAME = "$(TARGET_NAME)";
				SWIFT_EMIT_LOC_STRINGS = YES;
				SWIFT_VERSION = 5.0;
				TARGETED_DEVICE_FAMILY = "1,2";
			};
			name = Release;
		};
/* End XCBuildConfiguration section */

/* Begin XCConfigurationList section */
		1694935E2B11C113005F096F /* Build configuration list for PBXNativeTarget "EssentialAppTests" */ = {
			isa = XCConfigurationList;
			buildConfigurations = (
				1694935F2B11C113005F096F /* Debug */,
				169493602B11C113005F096F /* Release */,
			);
			defaultConfigurationIsVisible = 0;
			defaultConfigurationName = Release;
		};
		16DAC6C52B11BAC7006B0E4C /* Build configuration list for PBXProject "EssentialApp" */ = {
			isa = XCConfigurationList;
			buildConfigurations = (
				16DAC6DC2B11BAC8006B0E4C /* Debug */,
				16DAC6DD2B11BAC8006B0E4C /* Release */,
			);
			defaultConfigurationIsVisible = 0;
			defaultConfigurationName = Release;
		};
		16DAC6DE2B11BAC8006B0E4C /* Build configuration list for PBXNativeTarget "EssentialApp" */ = {
			isa = XCConfigurationList;
			buildConfigurations = (
				16DAC6DF2B11BAC8006B0E4C /* Debug */,
				16DAC6E02B11BAC8006B0E4C /* Release */,
			);
			defaultConfigurationIsVisible = 0;
			defaultConfigurationName = Release;
		};
/* End XCConfigurationList section */
	};
	rootObject = 16DAC6C22B11BAC7006B0E4C /* Project object */;
}
